
Microsoft Visual Studio Solution File, Format Version 12.00
# Visual Studio 14
VisualStudioVersion = 14.0.24720.0
MinimumVisualStudioVersion = 10.0.40219.1
Project("{FAE04EC0-301F-11D3-BF4B-00C04F79EFBC}") = "WpfDrankAutomaat", "WpfDrankAutomaat\WpfDrankAutomaat.csproj", "{69450B01-90B4-4474-B76D-12EF1BB773F6}"
EndProject
Project("{FAE04EC0-301F-11D3-BF4B-00C04F79EFBC}") = "DrankAutomaatLib", "DrankAutomaatLib\DrankAutomaatLib.csproj", "{83020227-5736-4212-A983-0BA819817349}"
EndProject
Global
	GlobalSection(SolutionConfigurationPlatforms) = preSolution
		Debug|Any CPU = Debug|Any CPU
		Release|Any CPU = Release|Any CPU
	EndGlobalSection
	GlobalSection(ProjectConfigurationPlatforms) = postSolution
		{69450B01-90B4-4474-B76D-12EF1BB773F6}.Debug|Any CPU.ActiveCfg = Debug|Any CPU
		{69450B01-90B4-4474-B76D-12EF1BB773F6}.Debug|Any CPU.Build.0 = Debug|Any CPU
		{69450B01-90B4-4474-B76D-12EF1BB773F6}.Release|Any CPU.ActiveCfg = Release|Any CPU
		{69450B01-90B4-4474-B76D-12EF1BB773F6}.Release|Any CPU.Build.0 = Release|Any CPU
		{83020227-5736-4212-A983-0BA819817349}.Debug|Any CPU.ActiveCfg = Debug|Any CPU
		{83020227-5736-4212-A983-0BA819817349}.Debug|Any CPU.Build.0 = Debug|Any CPU
		{83020227-5736-4212-A983-0BA819817349}.Release|Any CPU.ActiveCfg = Release|Any CPU
		{83020227-5736-4212-A983-0BA819817349}.Release|Any CPU.Build.0 = Release|Any CPU
	EndGlobalSection
	GlobalSection(SolutionProperties) = preSolution
		HideSolutionNode = FALSE
	EndGlobalSection
EndGlobal
